// !$*UTF8*$!
{
	archiveVersion = 1;
	classes = {
	};
	objectVersion = 46;
	objects = {

/* Begin PBXBuildFile section */
		FF6D5E901CF796FD00A804E2 /* AppDelegate.swift in Sources */ = {isa = PBXBuildFile; fileRef = FF6D5E8F1CF796FD00A804E2 /* AppDelegate.swift */; };
		FF6D5E921CF796FD00A804E2 /* ViewController.swift in Sources */ = {isa = PBXBuildFile; fileRef = FF6D5E911CF796FD00A804E2 /* ViewController.swift */; };
		FF6D5E951CF796FD00A804E2 /* Main.storyboard in Resources */ = {isa = PBXBuildFile; fileRef = FF6D5E931CF796FD00A804E2 /* Main.storyboard */; };
		FF6D5E981CF796FD00A804E2 /* WaiterPro_Ipad.xcdatamodeld in Sources */ = {isa = PBXBuildFile; fileRef = FF6D5E961CF796FD00A804E2 /* WaiterPro_Ipad.xcdatamodeld */; };
		FF6D5E9A1CF796FD00A804E2 /* Assets.xcassets in Resources */ = {isa = PBXBuildFile; fileRef = FF6D5E991CF796FD00A804E2 /* Assets.xcassets */; };
		FF6D5E9D1CF796FD00A804E2 /* LaunchScreen.storyboard in Resources */ = {isa = PBXBuildFile; fileRef = FF6D5E9B1CF796FD00A804E2 /* LaunchScreen.storyboard */; };
		FF6D5EA81CF796FD00A804E2 /* WaiterPro_IpadTests.swift in Sources */ = {isa = PBXBuildFile; fileRef = FF6D5EA71CF796FD00A804E2 /* WaiterPro_IpadTests.swift */; };
		FF6D5EB31CF796FD00A804E2 /* WaiterPro_IpadUITests.swift in Sources */ = {isa = PBXBuildFile; fileRef = FF6D5EB21CF796FD00A804E2 /* WaiterPro_IpadUITests.swift */; };
		FF6D5EC11CF7AF5B00A804E2 /* HomeViewController.swift in Sources */ = {isa = PBXBuildFile; fileRef = FF6D5EC01CF7AF5B00A804E2 /* HomeViewController.swift */; };
		FF6D5EC31CF7AFD300A804E2 /* RateViewController.swift in Sources */ = {isa = PBXBuildFile; fileRef = FF6D5EC21CF7AFD300A804E2 /* RateViewController.swift */; };
/* End PBXBuildFile section */

/* Begin PBXContainerItemProxy section */
		FF6D5EA41CF796FD00A804E2 /* PBXContainerItemProxy */ = {
			isa = PBXContainerItemProxy;
			containerPortal = FF6D5E841CF796FD00A804E2 /* Project object */;
			proxyType = 1;
			remoteGlobalIDString = FF6D5E8B1CF796FD00A804E2;
			remoteInfo = "WaiterPro Ipad";
		};
		FF6D5EAF1CF796FD00A804E2 /* PBXContainerItemProxy */ = {
			isa = PBXContainerItemProxy;
			containerPortal = FF6D5E841CF796FD00A804E2 /* Project object */;
			proxyType = 1;
			remoteGlobalIDString = FF6D5E8B1CF796FD00A804E2;
			remoteInfo = "WaiterPro Ipad";
		};
/* End PBXContainerItemProxy section */

/* Begin PBXFileReference section */
		FF6D5E8C1CF796FD00A804E2 /* WaiterPro Ipad.app */ = {isa = PBXFileReference; explicitFileType = wrapper.application; includeInIndex = 0; path = "WaiterPro Ipad.app"; sourceTree = BUILT_PRODUCTS_DIR; };
		FF6D5E8F1CF796FD00A804E2 /* AppDelegate.swift */ = {isa = PBXFileReference; lastKnownFileType = sourcecode.swift; path = AppDelegate.swift; sourceTree = "<group>"; };
		FF6D5E911CF796FD00A804E2 /* ViewController.swift */ = {isa = PBXFileReference; lastKnownFileType = sourcecode.swift; path = ViewController.swift; sourceTree = "<group>"; };
		FF6D5E941CF796FD00A804E2 /* Base */ = {isa = PBXFileReference; lastKnownFileType = file.storyboard; name = Base; path = Base.lproj/Main.storyboard; sourceTree = "<group>"; };
		FF6D5E971CF796FD00A804E2 /* WaiterPro_Ipad.xcdatamodel */ = {isa = PBXFileReference; lastKnownFileType = wrapper.xcdatamodel; path = WaiterPro_Ipad.xcdatamodel; sourceTree = "<group>"; };
		FF6D5E991CF796FD00A804E2 /* Assets.xcassets */ = {isa = PBXFileReference; lastKnownFileType = folder.assetcatalog; path = Assets.xcassets; sourceTree = "<group>"; };
		FF6D5E9C1CF796FD00A804E2 /* Base */ = {isa = PBXFileReference; lastKnownFileType = file.storyboard; name = Base; path = Base.lproj/LaunchScreen.storyboard; sourceTree = "<group>"; };
		FF6D5E9E1CF796FD00A804E2 /* Info.plist */ = {isa = PBXFileReference; lastKnownFileType = text.plist.xml; path = Info.plist; sourceTree = "<group>"; };
		FF6D5EA31CF796FD00A804E2 /* WaiterPro IpadTests.xctest */ = {isa = PBXFileReference; explicitFileType = wrapper.cfbundle; includeInIndex = 0; path = "WaiterPro IpadTests.xctest"; sourceTree = BUILT_PRODUCTS_DIR; };
		FF6D5EA71CF796FD00A804E2 /* WaiterPro_IpadTests.swift */ = {isa = PBXFileReference; lastKnownFileType = sourcecode.swift; path = WaiterPro_IpadTests.swift; sourceTree = "<group>"; };
		FF6D5EA91CF796FD00A804E2 /* Info.plist */ = {isa = PBXFileReference; lastKnownFileType = text.plist.xml; path = Info.plist; sourceTree = "<group>"; };
		FF6D5EAE1CF796FD00A804E2 /* WaiterPro IpadUITests.xctest */ = {isa = PBXFileReference; explicitFileType = wrapper.cfbundle; includeInIndex = 0; path = "WaiterPro IpadUITests.xctest"; sourceTree = BUILT_PRODUCTS_DIR; };
		FF6D5EB21CF796FD00A804E2 /* WaiterPro_IpadUITests.swift */ = {isa = PBXFileReference; lastKnownFileType = sourcecode.swift; path = WaiterPro_IpadUITests.swift; sourceTree = "<group>"; };
		FF6D5EB41CF796FD00A804E2 /* Info.plist */ = {isa = PBXFileReference; lastKnownFileType = text.plist.xml; path = Info.plist; sourceTree = "<group>"; };
		FF6D5EC01CF7AF5B00A804E2 /* HomeViewController.swift */ = {isa = PBXFileReference; fileEncoding = 4; lastKnownFileType = sourcecode.swift; path = HomeViewController.swift; sourceTree = "<group>"; };
		FF6D5EC21CF7AFD300A804E2 /* RateViewController.swift */ = {isa = PBXFileReference; fileEncoding = 4; lastKnownFileType = sourcecode.swift; path = RateViewController.swift; sourceTree = "<group>"; };
/* End PBXFileReference section */

/* Begin PBXFrameworksBuildPhase section */
		FF6D5E891CF796FD00A804E2 /* Frameworks */ = {
			isa = PBXFrameworksBuildPhase;
			buildActionMask = 2147483647;
			files = (
			);
			runOnlyForDeploymentPostprocessing = 0;
		};
		FF6D5EA01CF796FD00A804E2 /* Frameworks */ = {
			isa = PBXFrameworksBuildPhase;
			buildActionMask = 2147483647;
			files = (
			);
			runOnlyForDeploymentPostprocessing = 0;
		};
		FF6D5EAB1CF796FD00A804E2 /* Frameworks */ = {
			isa = PBXFrameworksBuildPhase;
			buildActionMask = 2147483647;
			files = (
			);
			runOnlyForDeploymentPostprocessing = 0;
		};
/* End PBXFrameworksBuildPhase section */

/* Begin PBXGroup section */
		FF6D5E831CF796FD00A804E2 = {
			isa = PBXGroup;
			children = (
				FF6D5E8E1CF796FD00A804E2 /* WaiterPro Ipad */,
				FF6D5EA61CF796FD00A804E2 /* WaiterPro IpadTests */,
				FF6D5EB11CF796FD00A804E2 /* WaiterPro IpadUITests */,
				FF6D5E8D1CF796FD00A804E2 /* Products */,
			);
			sourceTree = "<group>";
		};
		FF6D5E8D1CF796FD00A804E2 /* Products */ = {
			isa = PBXGroup;
			children = (
				FF6D5E8C1CF796FD00A804E2 /* WaiterPro Ipad.app */,
				FF6D5EA31CF796FD00A804E2 /* WaiterPro IpadTests.xctest */,
				FF6D5EAE1CF796FD00A804E2 /* WaiterPro IpadUITests.xctest */,
			);
			name = Products;
			sourceTree = "<group>";
		};
		FF6D5E8E1CF796FD00A804E2 /* WaiterPro Ipad */ = {
			isa = PBXGroup;
			children = (
				FF6D5E8F1CF796FD00A804E2 /* AppDelegate.swift */,
				FF6D5E911CF796FD00A804E2 /* ViewController.swift */,
				FF6D5EC01CF7AF5B00A804E2 /* HomeViewController.swift */,
				FF6D5EC21CF7AFD300A804E2 /* RateViewController.swift */,
				FF6D5E931CF796FD00A804E2 /* Main.storyboard */,
				FF6D5E991CF796FD00A804E2 /* Assets.xcassets */,
				FF6D5E9B1CF796FD00A804E2 /* LaunchScreen.storyboard */,
				FF6D5E9E1CF796FD00A804E2 /* Info.plist */,
				FF6D5E961CF796FD00A804E2 /* WaiterPro_Ipad.xcdatamodeld */,
			);
			path = "WaiterPro Ipad";
			sourceTree = "<group>";
		};
		FF6D5EA61CF796FD00A804E2 /* WaiterPro IpadTests */ = {
			isa = PBXGroup;
			children = (
				FF6D5EA71CF796FD00A804E2 /* WaiterPro_IpadTests.swift */,
				FF6D5EA91CF796FD00A804E2 /* Info.plist */,
			);
			path = "WaiterPro IpadTests";
			sourceTree = "<group>";
		};
		FF6D5EB11CF796FD00A804E2 /* WaiterPro IpadUITests */ = {
			isa = PBXGroup;
			children = (
				FF6D5EB21CF796FD00A804E2 /* WaiterPro_IpadUITests.swift */,
				FF6D5EB41CF796FD00A804E2 /* Info.plist */,
			);
			path = "WaiterPro IpadUITests";
			sourceTree = "<group>";
		};
/* End PBXGroup section */

/* Begin PBXNativeTarget section */
		FF6D5E8B1CF796FD00A804E2 /* WaiterPro Ipad */ = {
			isa = PBXNativeTarget;
			buildConfigurationList = FF6D5EB71CF796FD00A804E2 /* Build configuration list for PBXNativeTarget "WaiterPro Ipad" */;
			buildPhases = (
				FF6D5E881CF796FD00A804E2 /* Sources */,
				FF6D5E891CF796FD00A804E2 /* Frameworks */,
				FF6D5E8A1CF796FD00A804E2 /* Resources */,
			);
			buildRules = (
			);
			dependencies = (
			);
			name = "WaiterPro Ipad";
			productName = "WaiterPro Ipad";
			productReference = FF6D5E8C1CF796FD00A804E2 /* WaiterPro Ipad.app */;
			productType = "com.apple.product-type.application";
		};
		FF6D5EA21CF796FD00A804E2 /* WaiterPro IpadTests */ = {
			isa = PBXNativeTarget;
			buildConfigurationList = FF6D5EBA1CF796FD00A804E2 /* Build configuration list for PBXNativeTarget "WaiterPro IpadTests" */;
			buildPhases = (
				FF6D5E9F1CF796FD00A804E2 /* Sources */,
				FF6D5EA01CF796FD00A804E2 /* Frameworks */,
				FF6D5EA11CF796FD00A804E2 /* Resources */,
			);
			buildRules = (
			);
			dependencies = (
				FF6D5EA51CF796FD00A804E2 /* PBXTargetDependency */,
			);
			name = "WaiterPro IpadTests";
			productName = "WaiterPro IpadTests";
			productReference = FF6D5EA31CF796FD00A804E2 /* WaiterPro IpadTests.xctest */;
			productType = "com.apple.product-type.bundle.unit-test";
		};
		FF6D5EAD1CF796FD00A804E2 /* WaiterPro IpadUITests */ = {
			isa = PBXNativeTarget;
			buildConfigurationList = FF6D5EBD1CF796FD00A804E2 /* Build configuration list for PBXNativeTarget "WaiterPro IpadUITests" */;
			buildPhases = (
				FF6D5EAA1CF796FD00A804E2 /* Sources */,
				FF6D5EAB1CF796FD00A804E2 /* Frameworks */,
				FF6D5EAC1CF796FD00A804E2 /* Resources */,
			);
			buildRules = (
			);
			dependencies = (
				FF6D5EB01CF796FD00A804E2 /* PBXTargetDependency */,
			);
			name = "WaiterPro IpadUITests";
			productName = "WaiterPro IpadUITests";
			productReference = FF6D5EAE1CF796FD00A804E2 /* WaiterPro IpadUITests.xctest */;
			productType = "com.apple.product-type.bundle.ui-testing";
		};
/* End PBXNativeTarget section */

/* Begin PBXProject section */
		FF6D5E841CF796FD00A804E2 /* Project object */ = {
			isa = PBXProject;
			attributes = {
				LastUpgradeCheck = 0700;
				ORGANIZATIONNAME = "Miles Tucker";
				TargetAttributes = {
					FF6D5E8B1CF796FD00A804E2 = {
						CreatedOnToolsVersion = 7.0.1;
						DevelopmentTeam = 99TA55KY42;
					};
					FF6D5EA21CF796FD00A804E2 = {
						CreatedOnToolsVersion = 7.0.1;
						DevelopmentTeam = 99TA55KY42;
						TestTargetID = FF6D5E8B1CF796FD00A804E2;
					};
					FF6D5EAD1CF796FD00A804E2 = {
						CreatedOnToolsVersion = 7.0.1;
						DevelopmentTeam = 99TA55KY42;
						TestTargetID = FF6D5E8B1CF796FD00A804E2;
					};
				};
			};
			buildConfigurationList = FF6D5E871CF796FD00A804E2 /* Build configuration list for PBXProject "WaiterPro Ipad" */;
			compatibilityVersion = "Xcode 3.2";
			developmentRegion = English;
			hasScannedForEncodings = 0;
			knownRegions = (
				en,
				Base,
			);
			mainGroup = FF6D5E831CF796FD00A804E2;
			productRefGroup = FF6D5E8D1CF796FD00A804E2 /* Products */;
			projectDirPath = "";
			projectRoot = "";
			targets = (
				FF6D5E8B1CF796FD00A804E2 /* WaiterPro Ipad */,
				FF6D5EA21CF796FD00A804E2 /* WaiterPro IpadTests */,
				FF6D5EAD1CF796FD00A804E2 /* WaiterPro IpadUITests */,
			);
		};
/* End PBXProject section */

/* Begin PBXResourcesBuildPhase section */
		FF6D5E8A1CF796FD00A804E2 /* Resources */ = {
			isa = PBXResourcesBuildPhase;
			buildActionMask = 2147483647;
			files = (
				FF6D5E9D1CF796FD00A804E2 /* LaunchScreen.storyboard in Resources */,
				FF6D5E9A1CF796FD00A804E2 /* Assets.xcassets in Resources */,
				FF6D5E951CF796FD00A804E2 /* Main.storyboard in Resources */,
			);
			runOnlyForDeploymentPostprocessing = 0;
		};
		FF6D5EA11CF796FD00A804E2 /* Resources */ = {
			isa = PBXResourcesBuildPhase;
			buildActionMask = 2147483647;
			files = (
			);
			runOnlyForDeploymentPostprocessing = 0;
		};
		FF6D5EAC1CF796FD00A804E2 /* Resources */ = {
			isa = PBXResourcesBuildPhase;
			buildActionMask = 2147483647;
			files = (
			);
			runOnlyForDeploymentPostprocessing = 0;
		};
/* End PBXResourcesBuildPhase section */

/* Begin PBXSourcesBuildPhase section */
		FF6D5E881CF796FD00A804E2 /* Sources */ = {
			isa = PBXSourcesBuildPhase;
			buildActionMask = 2147483647;
			files = (
				FF6D5E921CF796FD00A804E2 /* ViewController.swift in Sources */,
				FF6D5E901CF796FD00A804E2 /* AppDelegate.swift in Sources */,
				FF6D5E981CF796FD00A804E2 /* WaiterPro_Ipad.xcdatamodeld in Sources */,
				FF6D5EC31CF7AFD300A804E2 /* RateViewController.swift in Sources */,
				FF6D5EC11CF7AF5B00A804E2 /* HomeViewController.swift in Sources */,
			);
			runOnlyForDeploymentPostprocessing = 0;
		};
		FF6D5E9F1CF796FD00A804E2 /* Sources */ = {
			isa = PBXSourcesBuildPhase;
			buildActionMask = 2147483647;
			files = (
				FF6D5EA81CF796FD00A804E2 /* WaiterPro_IpadTests.swift in Sources */,
			);
			runOnlyForDeploymentPostprocessing = 0;
		};
		FF6D5EAA1CF796FD00A804E2 /* Sources */ = {
			isa = PBXSourcesBuildPhase;
			buildActionMask = 2147483647;
			files = (
				FF6D5EB31CF796FD00A804E2 /* WaiterPro_IpadUITests.swift in Sources */,
			);
			runOnlyForDeploymentPostprocessing = 0;
		};
/* End PBXSourcesBuildPhase section */

/* Begin PBXTargetDependency section */
		FF6D5EA51CF796FD00A804E2 /* PBXTargetDependency */ = {
			isa = PBXTargetDependency;
			target = FF6D5E8B1CF796FD00A804E2 /* WaiterPro Ipad */;
			targetProxy = FF6D5EA41CF796FD00A804E2 /* PBXContainerItemProxy */;
		};
		FF6D5EB01CF796FD00A804E2 /* PBXTargetDependency */ = {
			isa = PBXTargetDependency;
			target = FF6D5E8B1CF796FD00A804E2 /* WaiterPro Ipad */;
			targetProxy = FF6D5EAF1CF796FD00A804E2 /* PBXContainerItemProxy */;
		};
/* End PBXTargetDependency section */

/* Begin PBXVariantGroup section */
		FF6D5E931CF796FD00A804E2 /* Main.storyboard */ = {
			isa = PBXVariantGroup;
			children = (
				FF6D5E941CF796FD00A804E2 /* Base */,
			);
			name = Main.storyboard;
			sourceTree = "<group>";
		};
		FF6D5E9B1CF796FD00A804E2 /* LaunchScreen.storyboard */ = {
			isa = PBXVariantGroup;
			children = (
				FF6D5E9C1CF796FD00A804E2 /* Base */,
			);
			name = LaunchScreen.storyboard;
			sourceTree = "<group>";
		};
/* End PBXVariantGroup section */

/* Begin XCBuildConfiguration section */
		FF6D5EB51CF796FD00A804E2 /* Debug */ = {
			isa = XCBuildConfiguration;
			buildSettings = {
				ALWAYS_SEARCH_USER_PATHS = NO;
				CLANG_CXX_LANGUAGE_STANDARD = "gnu++0x";
				CLANG_CXX_LIBRARY = "libc++";
				CLANG_ENABLE_MODULES = YES;
				CLANG_ENABLE_OBJC_ARC = YES;
				CLANG_WARN_BOOL_CONVERSION = YES;
				CLANG_WARN_CONSTANT_CONVERSION = YES;
				CLANG_WARN_DIRECT_OBJC_ISA_USAGE = YES_ERROR;
				CLANG_WARN_EMPTY_BODY = YES;
				CLANG_WARN_ENUM_CONVERSION = YES;
				CLANG_WARN_INT_CONVERSION = YES;
				CLANG_WARN_OBJC_ROOT_CLASS = YES_ERROR;
				CLANG_WARN_UNREACHABLE_CODE = YES;
				CLANG_WARN__DUPLICATE_METHOD_MATCH = YES;
				"CODE_SIGN_IDENTITY[sdk=iphoneos*]" = "iPhone Developer";
				COPY_PHASE_STRIP = NO;
				DEBUG_INFORMATION_FORMAT = dwarf;
				ENABLE_STRICT_OBJC_MSGSEND = YES;
				ENABLE_TESTABILITY = YES;
				GCC_C_LANGUAGE_STANDARD = gnu99;
				GCC_DYNAMIC_NO_PIC = NO;
				GCC_NO_COMMON_BLOCKS = YES;
				GCC_OPTIMIZATION_LEVEL = 0;
				GCC_PREPROCESSOR_DEFINITIONS = (
					"DEBUG=1",
					"$(inherited)",
				);
				GCC_WARN_64_TO_32_BIT_CONVERSION = YES;
				GCC_WARN_ABOUT_RETURN_TYPE = YES_ERROR;
				GCC_WARN_UNDECLARED_SELECTOR = YES;
				GCC_WARN_UNINITIALIZED_AUTOS = YES_AGGRESSIVE;
				GCC_WARN_UNUSED_FUNCTION = YES;
				GCC_WARN_UNUSED_VARIABLE = YES;
				IPHONEOS_DEPLOYMENT_TARGET = 9.0;
				MTL_ENABLE_DEBUG_INFO = YES;
				ONLY_ACTIVE_ARCH = YES;
				SDKROOT = iphoneos;
				SWIFT_OPTIMIZATION_LEVEL = "-Onone";
				TARGETED_DEVICE_FAMILY = 2;
			};
			name = Debug;
		};
		FF6D5EB61CF796FD00A804E2 /* Release */ = {
			isa = XCBuildConfiguration;
			buildSettings = {
				ALWAYS_SEARCH_USER_PATHS = NO;
				CLANG_CXX_LANGUAGE_STANDARD = "gnu++0x";
				CLANG_CXX_LIBRARY = "libc++";
				CLANG_ENABLE_MODULES = YES;
				CLANG_ENABLE_OBJC_ARC = YES;
				CLANG_WARN_BOOL_CONVERSION = YES;
				CLANG_WARN_CONSTANT_CONVERSION = YES;
				CLANG_WARN_DIRECT_OBJC_ISA_USAGE = YES_ERROR;
				CLANG_WARN_EMPTY_BODY = YES;
				CLANG_WARN_ENUM_CONVERSION = YES;
				CLANG_WARN_INT_CONVERSION = YES;
				CLANG_WARN_OBJC_ROOT_CLASS = YES_ERROR;
				CLANG_WARN_UNREACHABLE_CODE = YES;
				CLANG_WARN__DUPLICATE_METHOD_MATCH = YES;
				"CODE_SIGN_IDENTITY[sdk=iphoneos*]" = "iPhone Developer";
				COPY_PHASE_STRIP = NO;
				DEBUG_INFORMATION_FORMAT = "dwarf-with-dsym";
				ENABLE_NS_ASSERTIONS = NO;
				ENABLE_STRICT_OBJC_MSGSEND = YES;
				GCC_C_LANGUAGE_STANDARD = gnu99;
				GCC_NO_COMMON_BLOCKS = YES;
				GCC_WARN_64_TO_32_BIT_CONVERSION = YES;
				GCC_WARN_ABOUT_RETURN_TYPE = YES_ERROR;
				GCC_WARN_UNDECLARED_SELECTOR = YES;
				GCC_WARN_UNINITIALIZED_AUTOS = YES_AGGRESSIVE;
				GCC_WARN_UNUSED_FUNCTION = YES;
				GCC_WARN_UNUSED_VARIABLE = YES;
				IPHONEOS_DEPLOYMENT_TARGET = 9.0;
				MTL_ENABLE_DEBUG_INFO = NO;
				SDKROOT = iphoneos;
				TARGETED_DEVICE_FAMILY = 2;
				VALIDATE_PRODUCT = YES;
			};
			name = Release;
		};
		FF6D5EB81CF796FD00A804E2 /* Debug */ = {
			isa = XCBuildConfiguration;
			buildSettings = {
				ASSETCATALOG_COMPILER_APPICON_NAME = AppIcon;
				INFOPLIST_FILE = "WaiterPro Ipad/Info.plist";
				LD_RUNPATH_SEARCH_PATHS = "$(inherited) @executable_path/Frameworks";
				PRODUCT_BUNDLE_IDENTIFIER = "Miles-tucker.WaiterPro-Ipad";
				PRODUCT_NAME = "$(TARGET_NAME)";
			};
			name = Debug;
		};
		FF6D5EB91CF796FD00A804E2 /* Release */ = {
			isa = XCBuildConfiguration;
			buildSettings = {
				ASSETCATALOG_COMPILER_APPICON_NAME = AppIcon;
				INFOPLIST_FILE = "WaiterPro Ipad/Info.plist";
				LD_RUNPATH_SEARCH_PATHS = "$(inherited) @executable_path/Frameworks";
				PRODUCT_BUNDLE_IDENTIFIER = "Miles-tucker.WaiterPro-Ipad";
				PRODUCT_NAME = "$(TARGET_NAME)";
			};
			name = Release;
		};
		FF6D5EBB1CF796FD00A804E2 /* Debug */ = {
			isa = XCBuildConfiguration;
			buildSettings = {
				BUNDLE_LOADER = "$(TEST_HOST)";
				INFOPLIST_FILE = "WaiterPro IpadTests/Info.plist";
				LD_RUNPATH_SEARCH_PATHS = "$(inherited) @executable_path/Frameworks @loader_path/Frameworks";
				PRODUCT_BUNDLE_IDENTIFIER = "Miles-tucker.WaiterPro-IpadTests";
				PRODUCT_NAME = "$(TARGET_NAME)";
				TEST_HOST = "$(BUILT_PRODUCTS_DIR)/WaiterPro Ipad.app/WaiterPro Ipad";
			};
			name = Debug;
		};
		FF6D5EBC1CF796FD00A804E2 /* Release */ = {
			isa = XCBuildConfiguration;
			buildSettings = {
				BUNDLE_LOADER = "$(TEST_HOST)";
				INFOPLIST_FILE = "WaiterPro IpadTests/Info.plist";
				LD_RUNPATH_SEARCH_PATHS = "$(inherited) @executable_path/Frameworks @loader_path/Frameworks";
				PRODUCT_BUNDLE_IDENTIFIER = "Miles-tucker.WaiterPro-IpadTests";
				PRODUCT_NAME = "$(TARGET_NAME)";
				TEST_HOST = "$(BUILT_PRODUCTS_DIR)/WaiterPro Ipad.app/WaiterPro Ipad";
			};
			name = Release;
		};
		FF6D5EBE1CF796FD00A804E2 /* Debug */ = {
			isa = XCBuildConfiguration;
			buildSettings = {
				INFOPLIST_FILE = "WaiterPro IpadUITests/Info.plist";
				LD_RUNPATH_SEARCH_PATHS = "$(inherited) @executable_path/Frameworks @loader_path/Frameworks";
				PRODUCT_BUNDLE_IDENTIFIER = "Miles-tucker.WaiterPro-IpadUITests";
				PRODUCT_NAME = "$(TARGET_NAME)";
				TEST_TARGET_NAME = "WaiterPro Ipad";
				USES_XCTRUNNER = YES;
			};
			name = Debug;
		};
		FF6D5EBF1CF796FD00A804E2 /* Release */ = {
			isa = XCBuildConfiguration;
			buildSettings = {
				INFOPLIST_FILE = "WaiterPro IpadUITests/Info.plist";
				LD_RUNPATH_SEARCH_PATHS = "$(inherited) @executable_path/Frameworks @loader_path/Frameworks";
				PRODUCT_BUNDLE_IDENTIFIER = "Miles-tucker.WaiterPro-IpadUITests";
				PRODUCT_NAME = "$(TARGET_NAME)";
				TEST_TARGET_NAME = "WaiterPro Ipad";
				USES_XCTRUNNER = YES;
			};
			name = Release;
		};
/* End XCBuildConfiguration section */

/* Begin XCConfigurationList section */
		FF6D5E871CF796FD00A804E2 /* Build configuration list for PBXProject "WaiterPro Ipad" */ = {
			isa = XCConfigurationList;
			buildConfigurations = (
				FF6D5EB51CF796FD00A804E2 /* Debug */,
				FF6D5EB61CF796FD00A804E2 /* Release */,
			);
			defaultConfigurationIsVisible = 0;
			defaultConfigurationName = Release;
		};
		FF6D5EB71CF796FD00A804E2 /* Build configuration list for PBXNativeTarget "WaiterPro Ipad" */ = {
			isa = XCConfigurationList;
			buildConfigurations = (
				FF6D5EB81CF796FD00A804E2 /* Debug */,
				FF6D5EB91CF796FD00A804E2 /* Release */,
			);
			defaultConfigurationIsVisible = 0;
			defaultConfigurationName = Release;
		};
		FF6D5EBA1CF796FD00A804E2 /* Build configuration list for PBXNativeTarget "WaiterPro IpadTests" */ = {
			isa = XCConfigurationList;
			buildConfigurations = (
				FF6D5EBB1CF796FD00A804E2 /* Debug */,
				FF6D5EBC1CF796FD00A804E2 /* Release */,
			);
			defaultConfigurationIsVisible = 0;
			defaultConfigurationName = Release;
		};
		FF6D5EBD1CF796FD00A804E2 /* Build configuration list for PBXNativeTarget "WaiterPro IpadUITests" */ = {
			isa = XCConfigurationList;
			buildConfigurations = (
				FF6D5EBE1CF796FD00A804E2 /* Debug */,
				FF6D5EBF1CF796FD00A804E2 /* Release */,
			);
			defaultConfigurationIsVisible = 0;
			defaultConfigurationName = Release;
		};
/* End XCConfigurationList section */

/* Begin XCVersionGroup section */
		FF6D5E961CF796FD00A804E2 /* WaiterPro_Ipad.xcdatamodeld */ = {
			isa = XCVersionGroup;
			children = (
				FF6D5E971CF796FD00A804E2 /* WaiterPro_Ipad.xcdatamodel */,
			);
			currentVersion = FF6D5E971CF796FD00A804E2 /* WaiterPro_Ipad.xcdatamodel */;
			path = WaiterPro_Ipad.xcdatamodeld;
			sourceTree = "<group>";
			versionGroupType = wrapper.xcdatamodel;
		};
/* End XCVersionGroup section */
	};
	rootObject = FF6D5E841CF796FD00A804E2 /* Project object */;
}
